# This file was autogenerated by Stack.
# You should not edit this file by hand.
# For more information, please see the documentation at:
#   https://docs.haskellstack.org/en/stable/lock_files

packages:
- completed:
    name: pyrelude
    version: 0.1.0.0
    git: https://github.com/theGhostJW/pyrelude
    pantry-tree:
      size: 2414
      sha256: c13042007e03fc67c0feae5eda4b9b77ab417db2856b5c72537f1280f5da4771
    commit: 36fffcb758ebf73b7fcf3c7e38519ad0e9e38d96
  original:
    git: https://github.com/theGhostJW/pyrelude
    commit: 36fffcb758ebf73b7fcf3c7e38519ad0e9e38d96
- completed:
    hackage: discrimination-0.4.1@sha256:2870c50b9582610a7f20b8b9a7f3b8dc5d37e5ba0082dee22107c6aeb2405a6a,3482
    pantry-tree:
      size: 1050
      sha256: 1636800cd5e9f38dd2cf47ee2f8904831b21fd3f03b502f3056cc2f2e1fe436e
  original:
    hackage: discrimination-0.4.1@sha256:2870c50b9582610a7f20b8b9a7f3b8dc5d37e5ba0082dee22107c6aeb2405a6a,3482
- completed:
    hackage: th-abstraction-0.4.2.0@sha256:6ba7b201931f614173755f060fdf98f02095df68c1f7bc3e2691cf9d443e81f9,2194
    pantry-tree:
      size: 670
      sha256: 9e29dc5083e377432696a48b83b12dda1820f24b3e47fcb4df5b6cd682985fd5
  original:
    hackage: th-abstraction-0.4.2.0@sha256:6ba7b201931f614173755f060fdf98f02095df68c1f7bc3e2691cf9d443e81f9,2194
- completed:
    hackage: time-1.9.3@sha256:8f1b5448722a12a952248b356c9eb366e351226543d9086a2da71270522d5f45,5679
    pantry-tree:
      size: 6558
      sha256: a1043c1719491764f0fa37a1fd70d9451080548a41632fee88d8e1b8db4942d6
  original:
    hackage: time-1.9.3@sha256:8f1b5448722a12a952248b356c9eb366e351226543d9086a2da71270522d5f45,5679
- completed:
    hackage: encode-string-0.1.0.0@sha256:b960508cede9547f5af3ade3d07ed79cbdb575ed128fcac1d7cff0a1162260ce,1864
    pantry-tree:
      size: 325
      sha256: 5274956f408e71d9f43b433a19df5f49660f65d1b9bde77f9ab362c8b7e85fe0
  original:
    hackage: encode-string-0.1.0.0@sha256:b960508cede9547f5af3ade3d07ed79cbdb575ed128fcac1d7cff0a1162260ce,1864
snapshots:
- completed:
    size: 585817
    url: https://raw.githubusercontent.com/commercialhaskell/stackage-snapshots/master/lts/18/5.yaml
    sha256: 22d24d0dacad9c1450b9a174c28d203f9bb482a2a8da9710a2f2a9f4afee2887
  original: lts-18.5
